
Microsoft Visual Studio Solution File, Format Version 12.00
# Visual Studio Version 16
VisualStudioVersion = 16.0.29926.136
MinimumVisualStudioVersion = 10.0.40219.1
Project("{FAE04EC0-301F-11D3-BF4B-00C04F79EFBC}") = "BlazorApp.Kanban", "BlazorApp.Kanban\BlazorApp.Kanban.csproj", "{2D172A67-B51A-49DC-A61F-6F5AB644FEF4}"
EndProject
Global
	GlobalSection(SolutionConfigurationPlatforms) = preSolution
		Debug|Any CPU = Debug|Any CPU
		Release|Any CPU = Release|Any CPU
	EndGlobalSection
	GlobalSection(ProjectConfigurationPlatforms) = postSolution
		{2D172A67-B51A-49DC-A61F-6F5AB644FEF4}.Debug|Any CPU.ActiveCfg = Debug|Any CPU
		{2D172A67-B51A-49DC-A61F-6F5AB644FEF4}.Debug|Any CPU.Build.0 = Debug|Any CPU
		{2D172A67-B51A-49DC-A61F-6F5AB644FEF4}.Release|Any CPU.ActiveCfg = Release|Any CPU
		{2D172A67-B51A-49DC-A61F-6F5AB644FEF4}.Release|Any CPU.Build.0 = Release|Any CPU
	EndGlobalSection
	GlobalSection(SolutionProperties) = preSolution
		HideSolutionNode = FALSE
	EndGlobalSection
	GlobalSection(ExtensibilityGlobals) = postSolution
		SolutionGuid = {D8C31457-D5DD-430A-8AD7-F33A2F54D7C5}
	EndGlobalSection
EndGlobal
